
Microsoft Visual Studio Solution File, Format Version 12.00
# Visual Studio Version 17
VisualStudioVersion = 17.10.35013.160
MinimumVisualStudioVersion = 10.0.40219.1
Project("{9A19103F-16F7-4668-BE54-9A1E7A4F7556}") = "Blazor_Portfolio_01.Server", "Blazor_Portfolio_01\Server\Blazor_Portfolio_01.Server.csproj", "{CFA68619-43ED-465A-9914-95F1DD67255F}"
EndProject
Project("{9A19103F-16F7-4668-BE54-9A1E7A4F7556}") = "Blazor_Portfolio_01.Client", "Blazor_Portfolio_01\Client\Blazor_Portfolio_01.Client.csproj", "{E793DADE-66A1-4D45-BDEF-ECF18761FAFC}"
EndProject
Project("{9A19103F-16F7-4668-BE54-9A1E7A4F7556}") = "Blazor_Portfolio_01.Shared", "Blazor_Portfolio_01\Shared\Blazor_Portfolio_01.Shared.csproj", "{64A9860A-8968-450B-AB4C-7B1CF49EC689}"
EndProject
Global
	GlobalSection(SolutionConfigurationPlatforms) = preSolution
		Debug|Any CPU = Debug|Any CPU
		Release|Any CPU = Release|Any CPU
	EndGlobalSection
	GlobalSection(ProjectConfigurationPlatforms) = postSolution
		{CFA68619-43ED-465A-9914-95F1DD67255F}.Debug|Any CPU.ActiveCfg = Debug|Any CPU
		{CFA68619-43ED-465A-9914-95F1DD67255F}.Debug|Any CPU.Build.0 = Debug|Any CPU
		{CFA68619-43ED-465A-9914-95F1DD67255F}.Release|Any CPU.ActiveCfg = Release|Any CPU
		{CFA68619-43ED-465A-9914-95F1DD67255F}.Release|Any CPU.Build.0 = Release|Any CPU
		{E793DADE-66A1-4D45-BDEF-ECF18761FAFC}.Debug|Any CPU.ActiveCfg = Debug|Any CPU
		{E793DADE-66A1-4D45-BDEF-ECF18761FAFC}.Debug|Any CPU.Build.0 = Debug|Any CPU
		{E793DADE-66A1-4D45-BDEF-ECF18761FAFC}.Release|Any CPU.ActiveCfg = Release|Any CPU
		{E793DADE-66A1-4D45-BDEF-ECF18761FAFC}.Release|Any CPU.Build.0 = Release|Any CPU
		{64A9860A-8968-450B-AB4C-7B1CF49EC689}.Debug|Any CPU.ActiveCfg = Debug|Any CPU
		{64A9860A-8968-450B-AB4C-7B1CF49EC689}.Debug|Any CPU.Build.0 = Debug|Any CPU
		{64A9860A-8968-450B-AB4C-7B1CF49EC689}.Release|Any CPU.ActiveCfg = Release|Any CPU
		{64A9860A-8968-450B-AB4C-7B1CF49EC689}.Release|Any CPU.Build.0 = Release|Any CPU
	EndGlobalSection
	GlobalSection(SolutionProperties) = preSolution
		HideSolutionNode = FALSE
	EndGlobalSection
	GlobalSection(ExtensibilityGlobals) = postSolution
		SolutionGuid = {BFDCA351-B0BD-49F1-8850-93BBA180C0F7}
	EndGlobalSection
EndGlobal
