
Microsoft Visual Studio Solution File, Format Version 12.00
# Visual Studio Version 17
VisualStudioVersion = 17.7.34031.279
MinimumVisualStudioVersion = 10.0.40219.1
Project("{9A19103F-16F7-4668-BE54-9A1E7A4F7556}") = "BlazorWasmProject.Server", "Server\BlazorWasmProject.Server.csproj", "{F9950324-5F85-41DF-9F10-10094F6B8AEA}"
EndProject
Project("{9A19103F-16F7-4668-BE54-9A1E7A4F7556}") = "BlazorWasmProject.Client", "Client\BlazorWasmProject.Client.csproj", "{54DB5CDC-88F5-43B8-BE06-D7AB99E97F8D}"
EndProject
Project("{9A19103F-16F7-4668-BE54-9A1E7A4F7556}") = "BlazorWasmProject.Shared", "Shared\BlazorWasmProject.Shared.csproj", "{5CDAF4E2-EABE-4567-9663-E6ED12E30907}"
EndProject
Global
	GlobalSection(SolutionConfigurationPlatforms) = preSolution
		Debug|Any CPU = Debug|Any CPU
		Release|Any CPU = Release|Any CPU
	EndGlobalSection
	GlobalSection(ProjectConfigurationPlatforms) = postSolution
		{F9950324-5F85-41DF-9F10-10094F6B8AEA}.Debug|Any CPU.ActiveCfg = Debug|Any CPU
		{F9950324-5F85-41DF-9F10-10094F6B8AEA}.Debug|Any CPU.Build.0 = Debug|Any CPU
		{F9950324-5F85-41DF-9F10-10094F6B8AEA}.Release|Any CPU.ActiveCfg = Release|Any CPU
		{F9950324-5F85-41DF-9F10-10094F6B8AEA}.Release|Any CPU.Build.0 = Release|Any CPU
		{54DB5CDC-88F5-43B8-BE06-D7AB99E97F8D}.Debug|Any CPU.ActiveCfg = Debug|Any CPU
		{54DB5CDC-88F5-43B8-BE06-D7AB99E97F8D}.Debug|Any CPU.Build.0 = Debug|Any CPU
		{54DB5CDC-88F5-43B8-BE06-D7AB99E97F8D}.Release|Any CPU.ActiveCfg = Release|Any CPU
		{54DB5CDC-88F5-43B8-BE06-D7AB99E97F8D}.Release|Any CPU.Build.0 = Release|Any CPU
		{5CDAF4E2-EABE-4567-9663-E6ED12E30907}.Debug|Any CPU.ActiveCfg = Debug|Any CPU
		{5CDAF4E2-EABE-4567-9663-E6ED12E30907}.Debug|Any CPU.Build.0 = Debug|Any CPU
		{5CDAF4E2-EABE-4567-9663-E6ED12E30907}.Release|Any CPU.ActiveCfg = Release|Any CPU
		{5CDAF4E2-EABE-4567-9663-E6ED12E30907}.Release|Any CPU.Build.0 = Release|Any CPU
	EndGlobalSection
	GlobalSection(SolutionProperties) = preSolution
		HideSolutionNode = FALSE
	EndGlobalSection
	GlobalSection(ExtensibilityGlobals) = postSolution
		SolutionGuid = {6AD5F987-B9A8-4D3C-8B19-F1C7AB06E3A7}
	EndGlobalSection
EndGlobal
